
Microsoft Visual Studio Solution File, Format Version 12.00
# Visual Studio Version 16
VisualStudioVersion = 16.0.36631.11
MinimumVisualStudioVersion = 10.0.40219.1
Project("{8BC9CEB8-8B4A-11D0-8D11-00A0C91BC942}") = "RayimDR", "RayimDR\RayimDR.vcxproj", "{0ECFFCB6-819D-42FD-A6E7-6F611AE46919}"
EndProject
Global
	GlobalSection(SolutionConfigurationPlatforms) = preSolution
		Debug|x64 = Debug|x64
		Release|x64 = Release|x64
	EndGlobalSection
	GlobalSection(ProjectConfigurationPlatforms) = postSolution
		{0ECFFCB6-819D-42FD-A6E7-6F611AE46919}.Debug|x64.ActiveCfg = Debug|x64
		{0ECFFCB6-819D-42FD-A6E7-6F611AE46919}.Debug|x64.Build.0 = Debug|x64
		{0ECFFCB6-819D-42FD-A6E7-6F611AE46919}.Release|x64.ActiveCfg = Release|x64
		{0ECFFCB6-819D-42FD-A6E7-6F611AE46919}.Release|x64.Build.0 = Release|x64
	EndGlobalSection
	GlobalSection(SolutionProperties) = preSolution
		HideSolutionNode = FALSE
	EndGlobalSection
	GlobalSection(ExtensibilityGlobals) = postSolution
		SolutionGuid = {2FCBC9E7-4E71-4337-832B-66460D01D377}
	EndGlobalSection
EndGlobal
