<?xml version="1.0" encoding="utf-8"?>
<Project ToolsVersion="4.0" xmlns="http://schemas.microsoft.com/developer/msbuild/2003">
  <ItemGroup>
    <Filter Include="Source Files">
      <UniqueIdentifier>{4FC737F1-C7A5-4376-A066-2A32D752A2FF}</UniqueIdentifier>
      <Extensions>qml;cpp;c;cc;cxx;def;odl;idl;hpj;bat;asm;asmx</Extensions>
    </Filter>
    <Filter Include="Header Files">
      <UniqueIdentifier>{93995380-89BD-4b04-88EB-625FBE52EBFB}</UniqueIdentifier>
      <Extensions>h;hh;hpp;hxx;hm;inl;inc;xsd</Extensions>
    </Filter>
    <Filter Include="Resource Files">
      <UniqueIdentifier>{67DA6AB6-F800-4c08-8B7A-83BB121AAD01}</UniqueIdentifier>
      <Extensions>qrc;rc;ico;cur;bmp;dlg;rc2;rct;bin;rgs;gif;jpg;jpeg;jpe;resx;tiff;tif;png;wav;mfcribbon-ms</Extensions>
    </Filter>
    <Filter Include="Form Files">
      <UniqueIdentifier>{99349809-55BA-4b9d-BF79-8FDBB0286EB3}</UniqueIdentifier>
      <Extensions>ui</Extensions>
    </Filter>
    <Filter Include="Translation Files">
      <UniqueIdentifier>{639EADAA-A684-42e4-A9AD-28FC9BCB8F7C}</UniqueIdentifier>
      <Extensions>ts</Extensions>
    </Filter>
    <Filter Include="Common">
      <UniqueIdentifier>{e80866f4-2c61-410a-a48b-bda4fb354fa3}</UniqueIdentifier>
    </Filter>
  </ItemGroup>
  <ItemGroup>
    <ClInclude Include="Common\winevent.h">
      <Filter>Common</Filter>
    </ClInclude>
    <ClInclude Include="Common\Util.h">
      <Filter>Common</Filter>
    </ClInclude>
    <ClInclude Include="Common\IRayInclude.h">
      <Filter>Common</Filter>
    </ClInclude>
    <ClInclude Include="iraydetector_global.h">
      <Filter>Common</Filter>
    </ClInclude>
    <ClInclude Include="Common\DisplayProgressbar.h">
      <Filter>Common</Filter>
    </ClInclude>
    <ClInclude Include="Common\Detector.h">
      <Filter>Common</Filter>
    </ClInclude>
    <ClInclude Include="QtLogger.h">
      <Filter>Header Files</Filter>
    </ClInclude>
  </ItemGroup>
  <ItemGroup>
    <ClCompile Include="NDT1717MA.cpp">
      <Filter>Source Files</Filter>
    </ClCompile>
    <ClCompile Include="Common\Detector.cpp">
      <Filter>Common</Filter>
    </ClCompile>
    <ClCompile Include="Common\winevent.cpp">
      <Filter>Common</Filter>
    </ClCompile>
    <ClCompile Include="TiffHelper.cpp">
      <Filter>Source Files</Filter>
    </ClCompile>
    <ClCompile Include="QtLogger.cpp">
      <Filter>Source Files</Filter>
    </ClCompile>
    <ClCompile Include="IRayDetectorWidget.cpp">
      <Filter>Source Files</Filter>
    </ClCompile>
  </ItemGroup>
  <ItemGroup>
    <QtMoc Include="NDT1717MA.h">
      <Filter>Header Files</Filter>
    </QtMoc>
    <QtMoc Include="TiffHelper.h">
      <Filter>Header Files</Filter>
    </QtMoc>
    <QtMoc Include="IRayDetectorWidget.h">
      <Filter>Header Files</Filter>
    </QtMoc>
  </ItemGroup>
  <ItemGroup>
    <QtUic Include="IRayDetectorWidget.ui">
      <Filter>Form Files</Filter>
    </QtUic>
  </ItemGroup>
</Project>